
Microsoft Visual Studio Solution File, Format Version 12.00
# Visual Studio Version 17
VisualStudioVersion = 17.1.32319.34
MinimumVisualStudioVersion = 10.0.40219.1
Project("{9A19103F-16F7-4668-BE54-9A1E7A4F7556}") = "WebAPI", "WebAPI.csproj", "{01987132-7E38-4A88-A94B-576F1424E905}"
EndProject
Project("{9A19103F-16F7-4668-BE54-9A1E7A4F7556}") = "Service", "..\Service\Service.csproj", "{817EE960-4555-4E66-A39F-29D08D0307C4}"
EndProject
Project("{9A19103F-16F7-4668-BE54-9A1E7A4F7556}") = "Repository", "..\Repository\Repository.csproj", "{33F10296-61CC-454F-B29A-6C7BEC78116C}"
EndProject
Project("{9A19103F-16F7-4668-BE54-9A1E7A4F7556}") = "Models", "..\Models\Models.csproj", "{3A43795C-1102-4C4C-8E91-D9856E450A5D}"
EndProject
Project("{9A19103F-16F7-4668-BE54-9A1E7A4F7556}") = "WebAPITest", "..\WebAPITest\WebAPITest.csproj", "{CF6B5DAE-822C-4D65-88CE-0DF1639226F5}"
EndProject
Global
	GlobalSection(SolutionConfigurationPlatforms) = preSolution
		Debug|Any CPU = Debug|Any CPU
		Release|Any CPU = Release|Any CPU
	EndGlobalSection
	GlobalSection(ProjectConfigurationPlatforms) = postSolution
		{01987132-7E38-4A88-A94B-576F1424E905}.Debug|Any CPU.ActiveCfg = Debug|Any CPU
		{01987132-7E38-4A88-A94B-576F1424E905}.Debug|Any CPU.Build.0 = Debug|Any CPU
		{01987132-7E38-4A88-A94B-576F1424E905}.Release|Any CPU.ActiveCfg = Release|Any CPU
		{01987132-7E38-4A88-A94B-576F1424E905}.Release|Any CPU.Build.0 = Release|Any CPU
		{817EE960-4555-4E66-A39F-29D08D0307C4}.Debug|Any CPU.ActiveCfg = Debug|Any CPU
		{817EE960-4555-4E66-A39F-29D08D0307C4}.Debug|Any CPU.Build.0 = Debug|Any CPU
		{817EE960-4555-4E66-A39F-29D08D0307C4}.Release|Any CPU.ActiveCfg = Release|Any CPU
		{817EE960-4555-4E66-A39F-29D08D0307C4}.Release|Any CPU.Build.0 = Release|Any CPU
		{33F10296-61CC-454F-B29A-6C7BEC78116C}.Debug|Any CPU.ActiveCfg = Debug|Any CPU
		{33F10296-61CC-454F-B29A-6C7BEC78116C}.Debug|Any CPU.Build.0 = Debug|Any CPU
		{33F10296-61CC-454F-B29A-6C7BEC78116C}.Release|Any CPU.ActiveCfg = Release|Any CPU
		{33F10296-61CC-454F-B29A-6C7BEC78116C}.Release|Any CPU.Build.0 = Release|Any CPU
		{3A43795C-1102-4C4C-8E91-D9856E450A5D}.Debug|Any CPU.ActiveCfg = Debug|Any CPU
		{3A43795C-1102-4C4C-8E91-D9856E450A5D}.Debug|Any CPU.Build.0 = Debug|Any CPU
		{3A43795C-1102-4C4C-8E91-D9856E450A5D}.Release|Any CPU.ActiveCfg = Release|Any CPU
		{3A43795C-1102-4C4C-8E91-D9856E450A5D}.Release|Any CPU.Build.0 = Release|Any CPU
		{CF6B5DAE-822C-4D65-88CE-0DF1639226F5}.Debug|Any CPU.ActiveCfg = Debug|Any CPU
		{CF6B5DAE-822C-4D65-88CE-0DF1639226F5}.Debug|Any CPU.Build.0 = Debug|Any CPU
		{CF6B5DAE-822C-4D65-88CE-0DF1639226F5}.Release|Any CPU.ActiveCfg = Release|Any CPU
		{CF6B5DAE-822C-4D65-88CE-0DF1639226F5}.Release|Any CPU.Build.0 = Release|Any CPU
	EndGlobalSection
	GlobalSection(SolutionProperties) = preSolution
		HideSolutionNode = FALSE
	EndGlobalSection
	GlobalSection(ExtensibilityGlobals) = postSolution
		SolutionGuid = {0D9CB1F1-2CE0-4016-81D0-3378537E1616}
	EndGlobalSection
EndGlobal
